{
  "nodes": {
    "home-manager": {
      "inputs": {
        "nixpkgs": [
          "nixpkgs"
        ]
      },
      "locked": {
        "lastModified": 1769450270,
        "narHash": "sha256-pdVm/zJazDUAasTyHFX/Pbrlk9Upjxi0yzgn7GjGe4g=",
        "owner": "nix-community",
        "repo": "home-manager",
        "rev": "a10c1e8f5ad2589414407f4851c221cb66270257",
        "type": "github"
      },
      "original": {
        "owner": "nix-community",
        "repo": "home-manager",
        "type": "github"
      }
    },
    "nixpkgs": {
      "locked": {
        "lastModified": 1769433173,
        "narHash": "sha256-Gf1dFYgD344WZ3q0LPlRoWaNdNQq8kSBDLEWulRQSEs=",
        "owner": "NixOS",
        "repo": "nixpkgs",
        "rev": "13b0f9e6ac78abbbb736c635d87845c4f4bee51b",
        "type": "github"
      },
      "original": {
        "owner": "NixOS",
        "ref": "nixpkgs-unstable",
        "repo": "nixpkgs",
        "type": "github"
      }
    },
    "nixpkgs_2": {
      "locked": {
        "lastModified": 1744536153,
        "narHash": "sha256-awS2zRgF4uTwrOKwwiJcByDzDOdo3Q1rPZbiHQg/N38=",
        "owner": "NixOS",
        "repo": "nixpkgs",
        "rev": "18dd725c29603f582cf1900e0d25f9f1063dbf11",
        "type": "github"
      },
      "original": {
        "owner": "NixOS",
        "ref": "nixpkgs-unstable",
        "repo": "nixpkgs",
        "type": "github"
      }
    },
    "root": {
      "inputs": {
        "home-manager": "home-manager",
        "nixpkgs": "nixpkgs",
        "rust-overlay": "rust-overlay",
        "sops-nix": "sops-nix"
      }
    },
    "rust-overlay": {
      "inputs": {
        "nixpkgs": "nixpkgs_2"
      },
      "locked": {
        "lastModified": 1769482338,
        "narHash": "sha256-SVwjMqR981PEdEdRvYj5Mefnd61GLinWmIr7GMu7LW8=",
        "owner": "oxalica",
        "repo": "rust-overlay",
        "rev": "dc9c76a75a6d382613cdcb1a3f95640e9cedcdea",
        "type": "github"
      },
      "original": {
        "owner": "oxalica",
        "repo": "rust-overlay",
        "type": "github"
      }
    },
    "sops-nix": {
      "inputs": {
        "nixpkgs": [
          "nixpkgs"
        ]
      },
      "locked": {
        "lastModified": 1769469829,
        "narHash": "sha256-wFcr32ZqspCxk4+FvIxIL0AZktRs6DuF8oOsLt59YBU=",
        "owner": "Mic92",
        "repo": "sops-nix",
        "rev": "c5eebd4eb2e3372fe12a8d70a248a6ee9dd02eff",
        "type": "github"
      },
      "original": {
        "owner": "Mic92",
        "repo": "sops-nix",
        "type": "github"
      }
    }
  },
  "root": "root",
  "version": 7
}
